
Microsoft Visual Studio Solution File, Format Version 12.00
# Visual Studio Version 16
VisualStudioVersion = 16.0.31624.102
MinimumVisualStudioVersion = 10.0.40219.1
Project("{8BC9CEB8-8B4A-11D0-8D11-00A0C91BC942}") = "031902518", "031902518\031902518.vcxproj", "{1DFA2374-5050-4FDC-94A8-61A72344B257}"
EndProject
Global
	GlobalSection(SolutionConfigurationPlatforms) = preSolution
		Debug|x64 = Debug|x64
		Debug|x86 = Debug|x86
		Release|x64 = Release|x64
		Release|x86 = Release|x86
	EndGlobalSection
	GlobalSection(ProjectConfigurationPlatforms) = postSolution
		{1DFA2374-5050-4FDC-94A8-61A72344B257}.Debug|x64.ActiveCfg = Debug|x64
		{1DFA2374-5050-4FDC-94A8-61A72344B257}.Debug|x64.Build.0 = Debug|x64
		{1DFA2374-5050-4FDC-94A8-61A72344B257}.Debug|x86.ActiveCfg = Debug|Win32
		{1DFA2374-5050-4FDC-94A8-61A72344B257}.Debug|x86.Build.0 = Debug|Win32
		{1DFA2374-5050-4FDC-94A8-61A72344B257}.Release|x64.ActiveCfg = Release|x64
		{1DFA2374-5050-4FDC-94A8-61A72344B257}.Release|x64.Build.0 = Release|x64
		{1DFA2374-5050-4FDC-94A8-61A72344B257}.Release|x86.ActiveCfg = Release|Win32
		{1DFA2374-5050-4FDC-94A8-61A72344B257}.Release|x86.Build.0 = Release|Win32
	EndGlobalSection
	GlobalSection(SolutionProperties) = preSolution
		HideSolutionNode = FALSE
	EndGlobalSection
	GlobalSection(ExtensibilityGlobals) = postSolution
		SolutionGuid = {F21D3B5E-606B-483E-B5BB-A23A7464C05D}
	EndGlobalSection
EndGlobal
